// !$*UTF8*$!
{
	archiveVersion = 1;
	classes = {
	};
	objectVersion = 55;
	objects = {

/* Begin PBXBuildFile section */
		7AF42CC227C5B72A002778E6 /* iWorksConverter2_0App.swift in Sources */ = {isa = PBXBuildFile; fileRef = 7AF42CC127C5B72A002778E6 /* iWorksConverter2_0App.swift */; };
		7AF42CC427C5B72A002778E6 /* ContentView.swift in Sources */ = {isa = PBXBuildFile; fileRef = 7AF42CC327C5B72A002778E6 /* ContentView.swift */; };
		7AF42CC627C5B72A002778E6 /* Assets.xcassets in Resources */ = {isa = PBXBuildFile; fileRef = 7AF42CC527C5B72A002778E6 /* Assets.xcassets */; };
		7AF42CC927C5B72A002778E6 /* Preview Assets.xcassets in Resources */ = {isa = PBXBuildFile; fileRef = 7AF42CC827C5B72A002778E6 /* Preview Assets.xcassets */; };
		7AF42CD427C5B72A002778E6 /* iWorksConverter2_0Tests.swift in Sources */ = {isa = PBXBuildFile; fileRef = 7AF42CD327C5B72A002778E6 /* iWorksConverter2_0Tests.swift */; };
		7AF42CDE27C5B72A002778E6 /* iWorksConverter2_0UITests.swift in Sources */ = {isa = PBXBuildFile; fileRef = 7AF42CDD27C5B72A002778E6 /* iWorksConverter2_0UITests.swift */; };
		7AF42CE027C5B72A002778E6 /* iWorksConverter2_0UITestsLaunchTests.swift in Sources */ = {isa = PBXBuildFile; fileRef = 7AF42CDF27C5B72A002778E6 /* iWorksConverter2_0UITestsLaunchTests.swift */; };
/* End PBXBuildFile section */

/* Begin PBXContainerItemProxy section */
		7AF42CD027C5B72A002778E6 /* PBXContainerItemProxy */ = {
			isa = PBXContainerItemProxy;
			containerPortal = 7AF42CB627C5B72A002778E6 /* Project object */;
			proxyType = 1;
			remoteGlobalIDString = 7AF42CBD27C5B72A002778E6;
			remoteInfo = iWorksConverter2.0;
		};
		7AF42CDA27C5B72A002778E6 /* PBXContainerItemProxy */ = {
			isa = PBXContainerItemProxy;
			containerPortal = 7AF42CB627C5B72A002778E6 /* Project object */;
			proxyType = 1;
			remoteGlobalIDString = 7AF42CBD27C5B72A002778E6;
			remoteInfo = iWorksConverter2.0;
		};
/* End PBXContainerItemProxy section */

/* Begin PBXFileReference section */
		7AF42CBE27C5B72A002778E6 /* iWorksConverter2.0.app */ = {isa = PBXFileReference; explicitFileType = wrapper.application; includeInIndex = 0; path = iWorksConverter2.0.app; sourceTree = BUILT_PRODUCTS_DIR; };
		7AF42CC127C5B72A002778E6 /* iWorksConverter2_0App.swift */ = {isa = PBXFileReference; lastKnownFileType = sourcecode.swift; path = iWorksConverter2_0App.swift; sourceTree = "<group>"; };
		7AF42CC327C5B72A002778E6 /* ContentView.swift */ = {isa = PBXFileReference; lastKnownFileType = sourcecode.swift; path = ContentView.swift; sourceTree = "<group>"; };
		7AF42CC527C5B72A002778E6 /* Assets.xcassets */ = {isa = PBXFileReference; lastKnownFileType = folder.assetcatalog; path = Assets.xcassets; sourceTree = "<group>"; };
		7AF42CC827C5B72A002778E6 /* Preview Assets.xcassets */ = {isa = PBXFileReference; lastKnownFileType = folder.assetcatalog; path = "Preview Assets.xcassets"; sourceTree = "<group>"; };
		7AF42CCA27C5B72A002778E6 /* iWorksConverter2_0.entitlements */ = {isa = PBXFileReference; lastKnownFileType = text.plist.entitlements; path = iWorksConverter2_0.entitlements; sourceTree = "<group>"; };
		7AF42CCF27C5B72A002778E6 /* iWorksConverter2.0Tests.xctest */ = {isa = PBXFileReference; explicitFileType = wrapper.cfbundle; includeInIndex = 0; path = iWorksConverter2.0Tests.xctest; sourceTree = BUILT_PRODUCTS_DIR; };
		7AF42CD327C5B72A002778E6 /* iWorksConverter2_0Tests.swift */ = {isa = PBXFileReference; lastKnownFileType = sourcecode.swift; path = iWorksConverter2_0Tests.swift; sourceTree = "<group>"; };
		7AF42CD927C5B72A002778E6 /* iWorksConverter2.0UITests.xctest */ = {isa = PBXFileReference; explicitFileType = wrapper.cfbundle; includeInIndex = 0; path = iWorksConverter2.0UITests.xctest; sourceTree = BUILT_PRODUCTS_DIR; };
		7AF42CDD27C5B72A002778E6 /* iWorksConverter2_0UITests.swift */ = {isa = PBXFileReference; lastKnownFileType = sourcecode.swift; path = iWorksConverter2_0UITests.swift; sourceTree = "<group>"; };
		7AF42CDF27C5B72A002778E6 /* iWorksConverter2_0UITestsLaunchTests.swift */ = {isa = PBXFileReference; lastKnownFileType = sourcecode.swift; path = iWorksConverter2_0UITestsLaunchTests.swift; sourceTree = "<group>"; };
/* End PBXFileReference section */

/* Begin PBXFrameworksBuildPhase section */
		7AF42CBB27C5B72A002778E6 /* Frameworks */ = {
			isa = PBXFrameworksBuildPhase;
			buildActionMask = 2147483647;
			files = (
			);
			runOnlyForDeploymentPostprocessing = 0;
		};
		7AF42CCC27C5B72A002778E6 /* Frameworks */ = {
			isa = PBXFrameworksBuildPhase;
			buildActionMask = 2147483647;
			files = (
			);
			runOnlyForDeploymentPostprocessing = 0;
		};
		7AF42CD627C5B72A002778E6 /* Frameworks */ = {
			isa = PBXFrameworksBuildPhase;
			buildActionMask = 2147483647;
			files = (
			);
			runOnlyForDeploymentPostprocessing = 0;
		};
/* End PBXFrameworksBuildPhase section */

/* Begin PBXGroup section */
		7AF42CB527C5B72A002778E6 = {
			isa = PBXGroup;
			children = (
				7AF42CC027C5B72A002778E6 /* iWorksConverter2.0 */,
				7AF42CD227C5B72A002778E6 /* iWorksConverter2.0Tests */,
				7AF42CDC27C5B72A002778E6 /* iWorksConverter2.0UITests */,
				7AF42CBF27C5B72A002778E6 /* Products */,
			);
			sourceTree = "<group>";
		};
		7AF42CBF27C5B72A002778E6 /* Products */ = {
			isa = PBXGroup;
			children = (
				7AF42CBE27C5B72A002778E6 /* iWorksConverter2.0.app */,
				7AF42CCF27C5B72A002778E6 /* iWorksConverter2.0Tests.xctest */,
				7AF42CD927C5B72A002778E6 /* iWorksConverter2.0UITests.xctest */,
			);
			name = Products;
			sourceTree = "<group>";
		};
		7AF42CC027C5B72A002778E6 /* iWorksConverter2.0 */ = {
			isa = PBXGroup;
			children = (
				7AF42CC127C5B72A002778E6 /* iWorksConverter2_0App.swift */,
				7AF42CC327C5B72A002778E6 /* ContentView.swift */,
				7AF42CC527C5B72A002778E6 /* Assets.xcassets */,
				7AF42CCA27C5B72A002778E6 /* iWorksConverter2_0.entitlements */,
				7AF42CC727C5B72A002778E6 /* Preview Content */,
			);
			path = iWorksConverter2.0;
			sourceTree = "<group>";
		};
		7AF42CC727C5B72A002778E6 /* Preview Content */ = {
			isa = PBXGroup;
			children = (
				7AF42CC827C5B72A002778E6 /* Preview Assets.xcassets */,
			);
			path = "Preview Content";
			sourceTree = "<group>";
		};
		7AF42CD227C5B72A002778E6 /* iWorksConverter2.0Tests */ = {
			isa = PBXGroup;
			children = (
				7AF42CD327C5B72A002778E6 /* iWorksConverter2_0Tests.swift */,
			);
			path = iWorksConverter2.0Tests;
			sourceTree = "<group>";
		};
		7AF42CDC27C5B72A002778E6 /* iWorksConverter2.0UITests */ = {
			isa = PBXGroup;
			children = (
				7AF42CDD27C5B72A002778E6 /* iWorksConverter2_0UITests.swift */,
				7AF42CDF27C5B72A002778E6 /* iWorksConverter2_0UITestsLaunchTests.swift */,
			);
			path = iWorksConverter2.0UITests;
			sourceTree = "<group>";
		};
/* End PBXGroup section */

/* Begin PBXNativeTarget section */
		7AF42CBD27C5B72A002778E6 /* iWorksConverter2.0 */ = {
			isa = PBXNativeTarget;
			buildConfigurationList = 7AF42CE327C5B72A002778E6 /* Build configuration list for PBXNativeTarget "iWorksConverter2.0" */;
			buildPhases = (
				7AF42CBA27C5B72A002778E6 /* Sources */,
				7AF42CBB27C5B72A002778E6 /* Frameworks */,
				7AF42CBC27C5B72A002778E6 /* Resources */,
			);
			buildRules = (
			);
			dependencies = (
			);
			name = iWorksConverter2.0;
			productName = iWorksConverter2.0;
			productReference = 7AF42CBE27C5B72A002778E6 /* iWorksConverter2.0.app */;
			productType = "com.apple.product-type.application";
		};
		7AF42CCE27C5B72A002778E6 /* iWorksConverter2.0Tests */ = {
			isa = PBXNativeTarget;
			buildConfigurationList = 7AF42CE627C5B72A002778E6 /* Build configuration list for PBXNativeTarget "iWorksConverter2.0Tests" */;
			buildPhases = (
				7AF42CCB27C5B72A002778E6 /* Sources */,
				7AF42CCC27C5B72A002778E6 /* Frameworks */,
				7AF42CCD27C5B72A002778E6 /* Resources */,
			);
			buildRules = (
			);
			dependencies = (
				7AF42CD127C5B72A002778E6 /* PBXTargetDependency */,
			);
			name = iWorksConverter2.0Tests;
			productName = iWorksConverter2.0Tests;
			productReference = 7AF42CCF27C5B72A002778E6 /* iWorksConverter2.0Tests.xctest */;
			productType = "com.apple.product-type.bundle.unit-test";
		};
		7AF42CD827C5B72A002778E6 /* iWorksConverter2.0UITests */ = {
			isa = PBXNativeTarget;
			buildConfigurationList = 7AF42CE927C5B72A002778E6 /* Build configuration list for PBXNativeTarget "iWorksConverter2.0UITests" */;
			buildPhases = (
				7AF42CD527C5B72A002778E6 /* Sources */,
				7AF42CD627C5B72A002778E6 /* Frameworks */,
				7AF42CD727C5B72A002778E6 /* Resources */,
			);
			buildRules = (
			);
			dependencies = (
				7AF42CDB27C5B72A002778E6 /* PBXTargetDependency */,
			);
			name = iWorksConverter2.0UITests;
			productName = iWorksConverter2.0UITests;
			productReference = 7AF42CD927C5B72A002778E6 /* iWorksConverter2.0UITests.xctest */;
			productType = "com.apple.product-type.bundle.ui-testing";
		};
/* End PBXNativeTarget section */

/* Begin PBXProject section */
		7AF42CB627C5B72A002778E6 /* Project object */ = {
			isa = PBXProject;
			attributes = {
				BuildIndependentTargetsInParallel = 1;
				LastSwiftUpdateCheck = 1320;
				LastUpgradeCheck = 1320;
				TargetAttributes = {
					7AF42CBD27C5B72A002778E6 = {
						CreatedOnToolsVersion = 13.2.1;
					};
					7AF42CCE27C5B72A002778E6 = {
						CreatedOnToolsVersion = 13.2.1;
						TestTargetID = 7AF42CBD27C5B72A002778E6;
					};
					7AF42CD827C5B72A002778E6 = {
						CreatedOnToolsVersion = 13.2.1;
						TestTargetID = 7AF42CBD27C5B72A002778E6;
					};
				};
			};
			buildConfigurationList = 7AF42CB927C5B72A002778E6 /* Build configuration list for PBXProject "iWorksConverter2.0" */;
			compatibilityVersion = "Xcode 13.0";
			developmentRegion = en;
			hasScannedForEncodings = 0;
			knownRegions = (
				en,
				Base,
			);
			mainGroup = 7AF42CB527C5B72A002778E6;
			productRefGroup = 7AF42CBF27C5B72A002778E6 /* Products */;
			projectDirPath = "";
			projectRoot = "";
			targets = (
				7AF42CBD27C5B72A002778E6 /* iWorksConverter2.0 */,
				7AF42CCE27C5B72A002778E6 /* iWorksConverter2.0Tests */,
				7AF42CD827C5B72A002778E6 /* iWorksConverter2.0UITests */,
			);
		};
/* End PBXProject section */

/* Begin PBXResourcesBuildPhase section */
		7AF42CBC27C5B72A002778E6 /* Resources */ = {
			isa = PBXResourcesBuildPhase;
			buildActionMask = 2147483647;
			files = (
				7AF42CC927C5B72A002778E6 /* Preview Assets.xcassets in Resources */,
				7AF42CC627C5B72A002778E6 /* Assets.xcassets in Resources */,
			);
			runOnlyForDeploymentPostprocessing = 0;
		};
		7AF42CCD27C5B72A002778E6 /* Resources */ = {
			isa = PBXResourcesBuildPhase;
			buildActionMask = 2147483647;
			files = (
			);
			runOnlyForDeploymentPostprocessing = 0;
		};
		7AF42CD727C5B72A002778E6 /* Resources */ = {
			isa = PBXResourcesBuildPhase;
			buildActionMask = 2147483647;
			files = (
			);
			runOnlyForDeploymentPostprocessing = 0;
		};
/* End PBXResourcesBuildPhase section */

/* Begin PBXSourcesBuildPhase section */
		7AF42CBA27C5B72A002778E6 /* Sources */ = {
			isa = PBXSourcesBuildPhase;
			buildActionMask = 2147483647;
			files = (
				7AF42CC427C5B72A002778E6 /* ContentView.swift in Sources */,
				7AF42CC227C5B72A002778E6 /* iWorksConverter2_0App.swift in Sources */,
			);
			runOnlyForDeploymentPostprocessing = 0;
		};
		7AF42CCB27C5B72A002778E6 /* Sources */ = {
			isa = PBXSourcesBuildPhase;
			buildActionMask = 2147483647;
			files = (
				7AF42CD427C5B72A002778E6 /* iWorksConverter2_0Tests.swift in Sources */,
			);
			runOnlyForDeploymentPostprocessing = 0;
		};
		7AF42CD527C5B72A002778E6 /* Sources */ = {
			isa = PBXSourcesBuildPhase;
			buildActionMask = 2147483647;
			files = (
				7AF42CE027C5B72A002778E6 /* iWorksConverter2_0UITestsLaunchTests.swift in Sources */,
				7AF42CDE27C5B72A002778E6 /* iWorksConverter2_0UITests.swift in Sources */,
			);
			runOnlyForDeploymentPostprocessing = 0;
		};
/* End PBXSourcesBuildPhase section */

/* Begin PBXTargetDependency section */
		7AF42CD127C5B72A002778E6 /* PBXTargetDependency */ = {
			isa = PBXTargetDependency;
			target = 7AF42CBD27C5B72A002778E6 /* iWorksConverter2.0 */;
			targetProxy = 7AF42CD027C5B72A002778E6 /* PBXContainerItemProxy */;
		};
		7AF42CDB27C5B72A002778E6 /* PBXTargetDependency */ = {
			isa = PBXTargetDependency;
			target = 7AF42CBD27C5B72A002778E6 /* iWorksConverter2.0 */;
			targetProxy = 7AF42CDA27C5B72A002778E6 /* PBXContainerItemProxy */;
		};
/* End PBXTargetDependency section */

/* Begin XCBuildConfiguration section */
		7AF42CE127C5B72A002778E6 /* Debug */ = {
			isa = XCBuildConfiguration;
			buildSettings = {
				ALWAYS_SEARCH_USER_PATHS = NO;
				CLANG_ANALYZER_NONNULL = YES;
				CLANG_ANALYZER_NUMBER_OBJECT_CONVERSION = YES_AGGRESSIVE;
				CLANG_CXX_LANGUAGE_STANDARD = "gnu++17";
				CLANG_CXX_LIBRARY = "libc++";
				CLANG_ENABLE_MODULES = YES;
				CLANG_ENABLE_OBJC_ARC = YES;
				CLANG_ENABLE_OBJC_WEAK = YES;
				CLANG_WARN_BLOCK_CAPTURE_AUTORELEASING = YES;
				CLANG_WARN_BOOL_CONVERSION = YES;
				CLANG_WARN_COMMA = YES;
				CLANG_WARN_CONSTANT_CONVERSION = YES;
				CLANG_WARN_DEPRECATED_OBJC_IMPLEMENTATIONS = YES;
				CLANG_WARN_DIRECT_OBJC_ISA_USAGE = YES_ERROR;
				CLANG_WARN_DOCUMENTATION_COMMENTS = YES;
				CLANG_WARN_EMPTY_BODY = YES;
				CLANG_WARN_ENUM_CONVERSION = YES;
				CLANG_WARN_INFINITE_RECURSION = YES;
				CLANG_WARN_INT_CONVERSION = YES;
				CLANG_WARN_NON_LITERAL_NULL_CONVERSION = YES;
				CLANG_WARN_OBJC_IMPLICIT_RETAIN_SELF = YES;
				CLANG_WARN_OBJC_LITERAL_CONVERSION = YES;
				CLANG_WARN_OBJC_ROOT_CLASS = YES_ERROR;
				CLANG_WARN_QUOTED_INCLUDE_IN_FRAMEWORK_HEADER = YES;
				CLANG_WARN_RANGE_LOOP_ANALYSIS = YES;
				CLANG_WARN_STRICT_PROTOTYPES = YES;
				CLANG_WARN_SUSPICIOUS_MOVE = YES;
				CLANG_WARN_UNGUARDED_AVAILABILITY = YES_AGGRESSIVE;
				CLANG_WARN_UNREACHABLE_CODE = YES;
				CLANG_WARN__DUPLICATE_METHOD_MATCH = YES;
				COPY_PHASE_STRIP = NO;
				DEBUG_INFORMATION_FORMAT = dwarf;
				ENABLE_STRICT_OBJC_MSGSEND = YES;
				ENABLE_TESTABILITY = YES;
				GCC_C_LANGUAGE_STANDARD = gnu11;
				GCC_DYNAMIC_NO_PIC = NO;
				GCC_NO_COMMON_BLOCKS = YES;
				GCC_OPTIMIZATION_LEVEL = 0;
				GCC_PREPROCESSOR_DEFINITIONS = (
					"DEBUG=1",
					"$(inherited)",
				);
				GCC_WARN_64_TO_32_BIT_CONVERSION = YES;
				GCC_WARN_ABOUT_RETURN_TYPE = YES_ERROR;
				GCC_WARN_UNDECLARED_SELECTOR = YES;
				GCC_WARN_UNINITIALIZED_AUTOS = YES_AGGRESSIVE;
				GCC_WARN_UNUSED_FUNCTION = YES;
				GCC_WARN_UNUSED_VARIABLE = YES;
				MACOSX_DEPLOYMENT_TARGET = 12.1;
				MTL_ENABLE_DEBUG_INFO = INCLUDE_SOURCE;
				MTL_FAST_MATH = YES;
				ONLY_ACTIVE_ARCH = YES;
				SDKROOT = macosx;
				SWIFT_ACTIVE_COMPILATION_CONDITIONS = DEBUG;
				SWIFT_OPTIMIZATION_LEVEL = "-Onone";
			};
			name = Debug;
		};
		7AF42CE227C5B72A002778E6 /* Release */ = {
			isa = XCBuildConfiguration;
			buildSettings = {
				ALWAYS_SEARCH_USER_PATHS = NO;
				CLANG_ANALYZER_NONNULL = YES;
				CLANG_ANALYZER_NUMBER_OBJECT_CONVERSION = YES_AGGRESSIVE;
				CLANG_CXX_LANGUAGE_STANDARD = "gnu++17";
				CLANG_CXX_LIBRARY = "libc++";
				CLANG_ENABLE_MODULES = YES;
				CLANG_ENABLE_OBJC_ARC = YES;
				CLANG_ENABLE_OBJC_WEAK = YES;
				CLANG_WARN_BLOCK_CAPTURE_AUTORELEASING = YES;
				CLANG_WARN_BOOL_CONVERSION = YES;
				CLANG_WARN_COMMA = YES;
				CLANG_WARN_CONSTANT_CONVERSION = YES;
				CLANG_WARN_DEPRECATED_OBJC_IMPLEMENTATIONS = YES;
				CLANG_WARN_DIRECT_OBJC_ISA_USAGE = YES_ERROR;
				CLANG_WARN_DOCUMENTATION_COMMENTS = YES;
				CLANG_WARN_EMPTY_BODY = YES;
				CLANG_WARN_ENUM_CONVERSION = YES;
				CLANG_WARN_INFINITE_RECURSION = YES;
				CLANG_WARN_INT_CONVERSION = YES;
				CLANG_WARN_NON_LITERAL_NULL_CONVERSION = YES;
				CLANG_WARN_OBJC_IMPLICIT_RETAIN_SELF = YES;
				CLANG_WARN_OBJC_LITERAL_CONVERSION = YES;
				CLANG_WARN_OBJC_ROOT_CLASS = YES_ERROR;
				CLANG_WARN_QUOTED_INCLUDE_IN_FRAMEWORK_HEADER = YES;
				CLANG_WARN_RANGE_LOOP_ANALYSIS = YES;
				CLANG_WARN_STRICT_PROTOTYPES = YES;
				CLANG_WARN_SUSPICIOUS_MOVE = YES;
				CLANG_WARN_UNGUARDED_AVAILABILITY = YES_AGGRESSIVE;
				CLANG_WARN_UNREACHABLE_CODE = YES;
				CLANG_WARN__DUPLICATE_METHOD_MATCH = YES;
				COPY_PHASE_STRIP = NO;
				DEBUG_INFORMATION_FORMAT = "dwarf-with-dsym";
				ENABLE_NS_ASSERTIONS = NO;
				ENABLE_STRICT_OBJC_MSGSEND = YES;
				GCC_C_LANGUAGE_STANDARD = gnu11;
				GCC_NO_COMMON_BLOCKS = YES;
				GCC_WARN_64_TO_32_BIT_CONVERSION = YES;
				GCC_WARN_ABOUT_RETURN_TYPE = YES_ERROR;
				GCC_WARN_UNDECLARED_SELECTOR = YES;
				GCC_WARN_UNINITIALIZED_AUTOS = YES_AGGRESSIVE;
				GCC_WARN_UNUSED_FUNCTION = YES;
				GCC_WARN_UNUSED_VARIABLE = YES;
				MACOSX_DEPLOYMENT_TARGET = 12.1;
				MTL_ENABLE_DEBUG_INFO = NO;
				MTL_FAST_MATH = YES;
				SDKROOT = macosx;
				SWIFT_COMPILATION_MODE = wholemodule;
				SWIFT_OPTIMIZATION_LEVEL = "-O";
			};
			name = Release;
		};
		7AF42CE427C5B72A002778E6 /* Debug */ = {
			isa = XCBuildConfiguration;
			buildSettings = {
				ASSETCATALOG_COMPILER_APPICON_NAME = AppIcon;
				ASSETCATALOG_COMPILER_GLOBAL_ACCENT_COLOR_NAME = AccentColor;
				CODE_SIGN_ENTITLEMENTS = iWorksConverter2.0/iWorksConverter2_0.entitlements;
				CODE_SIGN_STYLE = Automatic;
				COMBINE_HIDPI_IMAGES = YES;
				CURRENT_PROJECT_VERSION = 1;
				DEVELOPMENT_ASSET_PATHS = "\"iWorksConverter2.0/Preview Content\"";
				ENABLE_PREVIEWS = YES;
				GENERATE_INFOPLIST_FILE = YES;
				INFOPLIST_KEY_NSHumanReadableCopyright = "";
				LD_RUNPATH_SEARCH_PATHS = (
					"$(inherited)",
					"@executable_path/../Frameworks",
				);
				MARKETING_VERSION = 1.0;
				PRODUCT_BUNDLE_IDENTIFIER = "SebUnltd.iWorksConverter2-0";
				PRODUCT_NAME = "$(TARGET_NAME)";
				SWIFT_EMIT_LOC_STRINGS = YES;
				SWIFT_VERSION = 5.0;
			};
			name = Debug;
		};
		7AF42CE527C5B72A002778E6 /* Release */ = {
			isa = XCBuildConfiguration;
			buildSettings = {
				ASSETCATALOG_COMPILER_APPICON_NAME = AppIcon;
				ASSETCATALOG_COMPILER_GLOBAL_ACCENT_COLOR_NAME = AccentColor;
				CODE_SIGN_ENTITLEMENTS = iWorksConverter2.0/iWorksConverter2_0.entitlements;
				CODE_SIGN_STYLE = Automatic;
				COMBINE_HIDPI_IMAGES = YES;
				CURRENT_PROJECT_VERSION = 1;
				DEVELOPMENT_ASSET_PATHS = "\"iWorksConverter2.0/Preview Content\"";
				ENABLE_PREVIEWS = YES;
				GENERATE_INFOPLIST_FILE = YES;
				INFOPLIST_KEY_NSHumanReadableCopyright = "";
				LD_RUNPATH_SEARCH_PATHS = (
					"$(inherited)",
					"@executable_path/../Frameworks",
				);
				MARKETING_VERSION = 1.0;
				PRODUCT_BUNDLE_IDENTIFIER = "SebUnltd.iWorksConverter2-0";
				PRODUCT_NAME = "$(TARGET_NAME)";
				SWIFT_EMIT_LOC_STRINGS = YES;
				SWIFT_VERSION = 5.0;
			};
			name = Release;
		};
		7AF42CE727C5B72A002778E6 /* Debug */ = {
			isa = XCBuildConfiguration;
			buildSettings = {
				ALWAYS_EMBED_SWIFT_STANDARD_LIBRARIES = YES;
				BUNDLE_LOADER = "$(TEST_HOST)";
				CODE_SIGN_STYLE = Automatic;
				CURRENT_PROJECT_VERSION = 1;
				GENERATE_INFOPLIST_FILE = YES;
				MACOSX_DEPLOYMENT_TARGET = 12.1;
				MARKETING_VERSION = 1.0;
				PRODUCT_BUNDLE_IDENTIFIER = "SebUnltd.iWorksConverter2-0Tests";
				PRODUCT_NAME = "$(TARGET_NAME)";
				SWIFT_EMIT_LOC_STRINGS = NO;
				SWIFT_VERSION = 5.0;
				TEST_HOST = "$(BUILT_PRODUCTS_DIR)/iWorksConverter2.0.app/Contents/MacOS/iWorksConverter2.0";
			};
			name = Debug;
		};
		7AF42CE827C5B72A002778E6 /* Release */ = {
			isa = XCBuildConfiguration;
			buildSettings = {
				ALWAYS_EMBED_SWIFT_STANDARD_LIBRARIES = YES;
				BUNDLE_LOADER = "$(TEST_HOST)";
				CODE_SIGN_STYLE = Automatic;
				CURRENT_PROJECT_VERSION = 1;
				GENERATE_INFOPLIST_FILE = YES;
				MACOSX_DEPLOYMENT_TARGET = 12.1;
				MARKETING_VERSION = 1.0;
				PRODUCT_BUNDLE_IDENTIFIER = "SebUnltd.iWorksConverter2-0Tests";
				PRODUCT_NAME = "$(TARGET_NAME)";
				SWIFT_EMIT_LOC_STRINGS = NO;
				SWIFT_VERSION = 5.0;
				TEST_HOST = "$(BUILT_PRODUCTS_DIR)/iWorksConverter2.0.app/Contents/MacOS/iWorksConverter2.0";
			};
			name = Release;
		};
		7AF42CEA27C5B72A002778E6 /* Debug */ = {
			isa = XCBuildConfiguration;
			buildSettings = {
				ALWAYS_EMBED_SWIFT_STANDARD_LIBRARIES = YES;
				CODE_SIGN_STYLE = Automatic;
				CURRENT_PROJECT_VERSION = 1;
				GENERATE_INFOPLIST_FILE = YES;
				MARKETING_VERSION = 1.0;
				PRODUCT_BUNDLE_IDENTIFIER = "SebUnltd.iWorksConverter2-0UITests";
				PRODUCT_NAME = "$(TARGET_NAME)";
				SWIFT_EMIT_LOC_STRINGS = NO;
				SWIFT_VERSION = 5.0;
				TEST_TARGET_NAME = iWorksConverter2.0;
			};
			name = Debug;
		};
		7AF42CEB27C5B72A002778E6 /* Release */ = {
			isa = XCBuildConfiguration;
			buildSettings = {
				ALWAYS_EMBED_SWIFT_STANDARD_LIBRARIES = YES;
				CODE_SIGN_STYLE = Automatic;
				CURRENT_PROJECT_VERSION = 1;
				GENERATE_INFOPLIST_FILE = YES;
				MARKETING_VERSION = 1.0;
				PRODUCT_BUNDLE_IDENTIFIER = "SebUnltd.iWorksConverter2-0UITests";
				PRODUCT_NAME = "$(TARGET_NAME)";
				SWIFT_EMIT_LOC_STRINGS = NO;
				SWIFT_VERSION = 5.0;
				TEST_TARGET_NAME = iWorksConverter2.0;
			};
			name = Release;
		};
/* End XCBuildConfiguration section */

/* Begin XCConfigurationList section */
		7AF42CB927C5B72A002778E6 /* Build configuration list for PBXProject "iWorksConverter2.0" */ = {
			isa = XCConfigurationList;
			buildConfigurations = (
				7AF42CE127C5B72A002778E6 /* Debug */,
				7AF42CE227C5B72A002778E6 /* Release */,
			);
			defaultConfigurationIsVisible = 0;
			defaultConfigurationName = Release;
		};
		7AF42CE327C5B72A002778E6 /* Build configuration list for PBXNativeTarget "iWorksConverter2.0" */ = {
			isa = XCConfigurationList;
			buildConfigurations = (
				7AF42CE427C5B72A002778E6 /* Debug */,
				7AF42CE527C5B72A002778E6 /* Release */,
			);
			defaultConfigurationIsVisible = 0;
			defaultConfigurationName = Release;
		};
		7AF42CE627C5B72A002778E6 /* Build configuration list for PBXNativeTarget "iWorksConverter2.0Tests" */ = {
			isa = XCConfigurationList;
			buildConfigurations = (
				7AF42CE727C5B72A002778E6 /* Debug */,
				7AF42CE827C5B72A002778E6 /* Release */,
			);
			defaultConfigurationIsVisible = 0;
			defaultConfigurationName = Release;
		};
		7AF42CE927C5B72A002778E6 /* Build configuration list for PBXNativeTarget "iWorksConverter2.0UITests" */ = {
			isa = XCConfigurationList;
			buildConfigurations = (
				7AF42CEA27C5B72A002778E6 /* Debug */,
				7AF42CEB27C5B72A002778E6 /* Release */,
			);
			defaultConfigurationIsVisible = 0;
			defaultConfigurationName = Release;
		};
/* End XCConfigurationList section */
	};
	rootObject = 7AF42CB627C5B72A002778E6 /* Project object */;
}
