// !$*UTF8*$!
{
	archiveVersion = 1;
	classes = {
	};
	objectVersion = 55;
	objects = {

/* Begin PBXBuildFile section */
		7AFAE4C027C563CE00FB874D /* AppDelegate.m in Sources */ = {isa = PBXBuildFile; fileRef = 7AFAE4BF27C563CE00FB874D /* AppDelegate.m */; };
		7AFAE4C327C563CE00FB874D /* ViewController.m in Sources */ = {isa = PBXBuildFile; fileRef = 7AFAE4C227C563CE00FB874D /* ViewController.m */; };
		7AFAE4C527C563D000FB874D /* Assets.xcassets in Resources */ = {isa = PBXBuildFile; fileRef = 7AFAE4C427C563D000FB874D /* Assets.xcassets */; };
		7AFAE4C827C563D000FB874D /* Main.storyboard in Resources */ = {isa = PBXBuildFile; fileRef = 7AFAE4C627C563D000FB874D /* Main.storyboard */; };
		7AFAE4CA27C563D000FB874D /* main.m in Sources */ = {isa = PBXBuildFile; fileRef = 7AFAE4C927C563D000FB874D /* main.m */; };
		7AFAE4D527C563D000FB874D /* iWorksConverter2_0Tests.m in Sources */ = {isa = PBXBuildFile; fileRef = 7AFAE4D427C563D000FB874D /* iWorksConverter2_0Tests.m */; };
		7AFAE4DF27C563D000FB874D /* iWorksConverter2_0UITests.m in Sources */ = {isa = PBXBuildFile; fileRef = 7AFAE4DE27C563D000FB874D /* iWorksConverter2_0UITests.m */; };
		7AFAE4E127C563D000FB874D /* iWorksConverter2_0UITestsLaunchTests.m in Sources */ = {isa = PBXBuildFile; fileRef = 7AFAE4E027C563D000FB874D /* iWorksConverter2_0UITestsLaunchTests.m */; };
/* End PBXBuildFile section */

/* Begin PBXContainerItemProxy section */
		7AFAE4D127C563D000FB874D /* PBXContainerItemProxy */ = {
			isa = PBXContainerItemProxy;
			containerPortal = 7AFAE4B327C563CD00FB874D /* Project object */;
			proxyType = 1;
			remoteGlobalIDString = 7AFAE4BA27C563CE00FB874D;
			remoteInfo = iWorksConverter2.0;
		};
		7AFAE4DB27C563D000FB874D /* PBXContainerItemProxy */ = {
			isa = PBXContainerItemProxy;
			containerPortal = 7AFAE4B327C563CD00FB874D /* Project object */;
			proxyType = 1;
			remoteGlobalIDString = 7AFAE4BA27C563CE00FB874D;
			remoteInfo = iWorksConverter2.0;
		};
/* End PBXContainerItemProxy section */

/* Begin PBXFileReference section */
		7AFAE4BB27C563CE00FB874D /* iWorksConverter2.0.app */ = {isa = PBXFileReference; explicitFileType = wrapper.application; includeInIndex = 0; path = iWorksConverter2.0.app; sourceTree = BUILT_PRODUCTS_DIR; };
		7AFAE4BE27C563CE00FB874D /* AppDelegate.h */ = {isa = PBXFileReference; lastKnownFileType = sourcecode.c.h; path = AppDelegate.h; sourceTree = "<group>"; };
		7AFAE4BF27C563CE00FB874D /* AppDelegate.m */ = {isa = PBXFileReference; lastKnownFileType = sourcecode.c.objc; path = AppDelegate.m; sourceTree = "<group>"; };
		7AFAE4C127C563CE00FB874D /* ViewController.h */ = {isa = PBXFileReference; lastKnownFileType = sourcecode.c.h; path = ViewController.h; sourceTree = "<group>"; };
		7AFAE4C227C563CE00FB874D /* ViewController.m */ = {isa = PBXFileReference; lastKnownFileType = sourcecode.c.objc; path = ViewController.m; sourceTree = "<group>"; };
		7AFAE4C427C563D000FB874D /* Assets.xcassets */ = {isa = PBXFileReference; lastKnownFileType = folder.assetcatalog; path = Assets.xcassets; sourceTree = "<group>"; };
		7AFAE4C727C563D000FB874D /* Base */ = {isa = PBXFileReference; lastKnownFileType = file.storyboard; name = Base; path = Base.lproj/Main.storyboard; sourceTree = "<group>"; };
		7AFAE4C927C563D000FB874D /* main.m */ = {isa = PBXFileReference; lastKnownFileType = sourcecode.c.objc; path = main.m; sourceTree = "<group>"; };
		7AFAE4CB27C563D000FB874D /* iWorksConverter2_0.entitlements */ = {isa = PBXFileReference; lastKnownFileType = text.plist.entitlements; path = iWorksConverter2_0.entitlements; sourceTree = "<group>"; };
		7AFAE4D027C563D000FB874D /* iWorksConverter2.0Tests.xctest */ = {isa = PBXFileReference; explicitFileType = wrapper.cfbundle; includeInIndex = 0; path = iWorksConverter2.0Tests.xctest; sourceTree = BUILT_PRODUCTS_DIR; };
		7AFAE4D427C563D000FB874D /* iWorksConverter2_0Tests.m */ = {isa = PBXFileReference; lastKnownFileType = sourcecode.c.objc; path = iWorksConverter2_0Tests.m; sourceTree = "<group>"; };
		7AFAE4DA27C563D000FB874D /* iWorksConverter2.0UITests.xctest */ = {isa = PBXFileReference; explicitFileType = wrapper.cfbundle; includeInIndex = 0; path = iWorksConverter2.0UITests.xctest; sourceTree = BUILT_PRODUCTS_DIR; };
		7AFAE4DE27C563D000FB874D /* iWorksConverter2_0UITests.m */ = {isa = PBXFileReference; lastKnownFileType = sourcecode.c.objc; path = iWorksConverter2_0UITests.m; sourceTree = "<group>"; };
		7AFAE4E027C563D000FB874D /* iWorksConverter2_0UITestsLaunchTests.m */ = {isa = PBXFileReference; lastKnownFileType = sourcecode.c.objc; path = iWorksConverter2_0UITestsLaunchTests.m; sourceTree = "<group>"; };
/* End PBXFileReference section */

/* Begin PBXFrameworksBuildPhase section */
		7AFAE4B827C563CE00FB874D /* Frameworks */ = {
			isa = PBXFrameworksBuildPhase;
			buildActionMask = 2147483647;
			files = (
			);
			runOnlyForDeploymentPostprocessing = 0;
		};
		7AFAE4CD27C563D000FB874D /* Frameworks */ = {
			isa = PBXFrameworksBuildPhase;
			buildActionMask = 2147483647;
			files = (
			);
			runOnlyForDeploymentPostprocessing = 0;
		};
		7AFAE4D727C563D000FB874D /* Frameworks */ = {
			isa = PBXFrameworksBuildPhase;
			buildActionMask = 2147483647;
			files = (
			);
			runOnlyForDeploymentPostprocessing = 0;
		};
/* End PBXFrameworksBuildPhase section */

/* Begin PBXGroup section */
		7AFAE4B227C563CD00FB874D = {
			isa = PBXGroup;
			children = (
				7AFAE4BD27C563CE00FB874D /* iWorksConverter2.0 */,
				7AFAE4D327C563D000FB874D /* iWorksConverter2.0Tests */,
				7AFAE4DD27C563D000FB874D /* iWorksConverter2.0UITests */,
				7AFAE4BC27C563CE00FB874D /* Products */,
			);
			sourceTree = "<group>";
		};
		7AFAE4BC27C563CE00FB874D /* Products */ = {
			isa = PBXGroup;
			children = (
				7AFAE4BB27C563CE00FB874D /* iWorksConverter2.0.app */,
				7AFAE4D027C563D000FB874D /* iWorksConverter2.0Tests.xctest */,
				7AFAE4DA27C563D000FB874D /* iWorksConverter2.0UITests.xctest */,
			);
			name = Products;
			sourceTree = "<group>";
		};
		7AFAE4BD27C563CE00FB874D /* iWorksConverter2.0 */ = {
			isa = PBXGroup;
			children = (
				7AFAE4BE27C563CE00FB874D /* AppDelegate.h */,
				7AFAE4BF27C563CE00FB874D /* AppDelegate.m */,
				7AFAE4C127C563CE00FB874D /* ViewController.h */,
				7AFAE4C227C563CE00FB874D /* ViewController.m */,
				7AFAE4C427C563D000FB874D /* Assets.xcassets */,
				7AFAE4C627C563D000FB874D /* Main.storyboard */,
				7AFAE4C927C563D000FB874D /* main.m */,
				7AFAE4CB27C563D000FB874D /* iWorksConverter2_0.entitlements */,
			);
			path = iWorksConverter2.0;
			sourceTree = "<group>";
		};
		7AFAE4D327C563D000FB874D /* iWorksConverter2.0Tests */ = {
			isa = PBXGroup;
			children = (
				7AFAE4D427C563D000FB874D /* iWorksConverter2_0Tests.m */,
			);
			path = iWorksConverter2.0Tests;
			sourceTree = "<group>";
		};
		7AFAE4DD27C563D000FB874D /* iWorksConverter2.0UITests */ = {
			isa = PBXGroup;
			children = (
				7AFAE4DE27C563D000FB874D /* iWorksConverter2_0UITests.m */,
				7AFAE4E027C563D000FB874D /* iWorksConverter2_0UITestsLaunchTests.m */,
			);
			path = iWorksConverter2.0UITests;
			sourceTree = "<group>";
		};
/* End PBXGroup section */

/* Begin PBXNativeTarget section */
		7AFAE4BA27C563CE00FB874D /* iWorksConverter2.0 */ = {
			isa = PBXNativeTarget;
			buildConfigurationList = 7AFAE4E427C563D000FB874D /* Build configuration list for PBXNativeTarget "iWorksConverter2.0" */;
			buildPhases = (
				7AFAE4B727C563CE00FB874D /* Sources */,
				7AFAE4B827C563CE00FB874D /* Frameworks */,
				7AFAE4B927C563CE00FB874D /* Resources */,
			);
			buildRules = (
			);
			dependencies = (
			);
			name = iWorksConverter2.0;
			productName = iWorksConverter2.0;
			productReference = 7AFAE4BB27C563CE00FB874D /* iWorksConverter2.0.app */;
			productType = "com.apple.product-type.application";
		};
		7AFAE4CF27C563D000FB874D /* iWorksConverter2.0Tests */ = {
			isa = PBXNativeTarget;
			buildConfigurationList = 7AFAE4E727C563D000FB874D /* Build configuration list for PBXNativeTarget "iWorksConverter2.0Tests" */;
			buildPhases = (
				7AFAE4CC27C563D000FB874D /* Sources */,
				7AFAE4CD27C563D000FB874D /* Frameworks */,
				7AFAE4CE27C563D000FB874D /* Resources */,
			);
			buildRules = (
			);
			dependencies = (
				7AFAE4D227C563D000FB874D /* PBXTargetDependency */,
			);
			name = iWorksConverter2.0Tests;
			productName = iWorksConverter2.0Tests;
			productReference = 7AFAE4D027C563D000FB874D /* iWorksConverter2.0Tests.xctest */;
			productType = "com.apple.product-type.bundle.unit-test";
		};
		7AFAE4D927C563D000FB874D /* iWorksConverter2.0UITests */ = {
			isa = PBXNativeTarget;
			buildConfigurationList = 7AFAE4EA27C563D000FB874D /* Build configuration list for PBXNativeTarget "iWorksConverter2.0UITests" */;
			buildPhases = (
				7AFAE4D627C563D000FB874D /* Sources */,
				7AFAE4D727C563D000FB874D /* Frameworks */,
				7AFAE4D827C563D000FB874D /* Resources */,
			);
			buildRules = (
			);
			dependencies = (
				7AFAE4DC27C563D000FB874D /* PBXTargetDependency */,
			);
			name = iWorksConverter2.0UITests;
			productName = iWorksConverter2.0UITests;
			productReference = 7AFAE4DA27C563D000FB874D /* iWorksConverter2.0UITests.xctest */;
			productType = "com.apple.product-type.bundle.ui-testing";
		};
/* End PBXNativeTarget section */

/* Begin PBXProject section */
		7AFAE4B327C563CD00FB874D /* Project object */ = {
			isa = PBXProject;
			attributes = {
				BuildIndependentTargetsInParallel = 1;
				LastUpgradeCheck = 1320;
				TargetAttributes = {
					7AFAE4BA27C563CE00FB874D = {
						CreatedOnToolsVersion = 13.2.1;
					};
					7AFAE4CF27C563D000FB874D = {
						CreatedOnToolsVersion = 13.2.1;
						TestTargetID = 7AFAE4BA27C563CE00FB874D;
					};
					7AFAE4D927C563D000FB874D = {
						CreatedOnToolsVersion = 13.2.1;
						TestTargetID = 7AFAE4BA27C563CE00FB874D;
					};
				};
			};
			buildConfigurationList = 7AFAE4B627C563CD00FB874D /* Build configuration list for PBXProject "iWorksConverter2.0" */;
			compatibilityVersion = "Xcode 13.0";
			developmentRegion = en;
			hasScannedForEncodings = 0;
			knownRegions = (
				en,
				Base,
			);
			mainGroup = 7AFAE4B227C563CD00FB874D;
			productRefGroup = 7AFAE4BC27C563CE00FB874D /* Products */;
			projectDirPath = "";
			projectRoot = "";
			targets = (
				7AFAE4BA27C563CE00FB874D /* iWorksConverter2.0 */,
				7AFAE4CF27C563D000FB874D /* iWorksConverter2.0Tests */,
				7AFAE4D927C563D000FB874D /* iWorksConverter2.0UITests */,
			);
		};
/* End PBXProject section */

/* Begin PBXResourcesBuildPhase section */
		7AFAE4B927C563CE00FB874D /* Resources */ = {
			isa = PBXResourcesBuildPhase;
			buildActionMask = 2147483647;
			files = (
				7AFAE4C527C563D000FB874D /* Assets.xcassets in Resources */,
				7AFAE4C827C563D000FB874D /* Main.storyboard in Resources */,
			);
			runOnlyForDeploymentPostprocessing = 0;
		};
		7AFAE4CE27C563D000FB874D /* Resources */ = {
			isa = PBXResourcesBuildPhase;
			buildActionMask = 2147483647;
			files = (
			);
			runOnlyForDeploymentPostprocessing = 0;
		};
		7AFAE4D827C563D000FB874D /* Resources */ = {
			isa = PBXResourcesBuildPhase;
			buildActionMask = 2147483647;
			files = (
			);
			runOnlyForDeploymentPostprocessing = 0;
		};
/* End PBXResourcesBuildPhase section */

/* Begin PBXSourcesBuildPhase section */
		7AFAE4B727C563CE00FB874D /* Sources */ = {
			isa = PBXSourcesBuildPhase;
			buildActionMask = 2147483647;
			files = (
				7AFAE4C327C563CE00FB874D /* ViewController.m in Sources */,
				7AFAE4CA27C563D000FB874D /* main.m in Sources */,
				7AFAE4C027C563CE00FB874D /* AppDelegate.m in Sources */,
			);
			runOnlyForDeploymentPostprocessing = 0;
		};
		7AFAE4CC27C563D000FB874D /* Sources */ = {
			isa = PBXSourcesBuildPhase;
			buildActionMask = 2147483647;
			files = (
				7AFAE4D527C563D000FB874D /* iWorksConverter2_0Tests.m in Sources */,
			);
			runOnlyForDeploymentPostprocessing = 0;
		};
		7AFAE4D627C563D000FB874D /* Sources */ = {
			isa = PBXSourcesBuildPhase;
			buildActionMask = 2147483647;
			files = (
				7AFAE4E127C563D000FB874D /* iWorksConverter2_0UITestsLaunchTests.m in Sources */,
				7AFAE4DF27C563D000FB874D /* iWorksConverter2_0UITests.m in Sources */,
			);
			runOnlyForDeploymentPostprocessing = 0;
		};
/* End PBXSourcesBuildPhase section */

/* Begin PBXTargetDependency section */
		7AFAE4D227C563D000FB874D /* PBXTargetDependency */ = {
			isa = PBXTargetDependency;
			target = 7AFAE4BA27C563CE00FB874D /* iWorksConverter2.0 */;
			targetProxy = 7AFAE4D127C563D000FB874D /* PBXContainerItemProxy */;
		};
		7AFAE4DC27C563D000FB874D /* PBXTargetDependency */ = {
			isa = PBXTargetDependency;
			target = 7AFAE4BA27C563CE00FB874D /* iWorksConverter2.0 */;
			targetProxy = 7AFAE4DB27C563D000FB874D /* PBXContainerItemProxy */;
		};
/* End PBXTargetDependency section */

/* Begin PBXVariantGroup section */
		7AFAE4C627C563D000FB874D /* Main.storyboard */ = {
			isa = PBXVariantGroup;
			children = (
				7AFAE4C727C563D000FB874D /* Base */,
			);
			name = Main.storyboard;
			sourceTree = "<group>";
		};
/* End PBXVariantGroup section */

/* Begin XCBuildConfiguration section */
		7AFAE4E227C563D000FB874D /* Debug */ = {
			isa = XCBuildConfiguration;
			buildSettings = {
				ALWAYS_SEARCH_USER_PATHS = NO;
				CLANG_ANALYZER_NONNULL = YES;
				CLANG_ANALYZER_NUMBER_OBJECT_CONVERSION = YES_AGGRESSIVE;
				CLANG_CXX_LANGUAGE_STANDARD = "gnu++17";
				CLANG_CXX_LIBRARY = "libc++";
				CLANG_ENABLE_MODULES = YES;
				CLANG_ENABLE_OBJC_ARC = YES;
				CLANG_ENABLE_OBJC_WEAK = YES;
				CLANG_WARN_BLOCK_CAPTURE_AUTORELEASING = YES;
				CLANG_WARN_BOOL_CONVERSION = YES;
				CLANG_WARN_COMMA = YES;
				CLANG_WARN_CONSTANT_CONVERSION = YES;
				CLANG_WARN_DEPRECATED_OBJC_IMPLEMENTATIONS = YES;
				CLANG_WARN_DIRECT_OBJC_ISA_USAGE = YES_ERROR;
				CLANG_WARN_DOCUMENTATION_COMMENTS = YES;
				CLANG_WARN_EMPTY_BODY = YES;
				CLANG_WARN_ENUM_CONVERSION = YES;
				CLANG_WARN_INFINITE_RECURSION = YES;
				CLANG_WARN_INT_CONVERSION = YES;
				CLANG_WARN_NON_LITERAL_NULL_CONVERSION = YES;
				CLANG_WARN_OBJC_IMPLICIT_RETAIN_SELF = YES;
				CLANG_WARN_OBJC_LITERAL_CONVERSION = YES;
				CLANG_WARN_OBJC_ROOT_CLASS = YES_ERROR;
				CLANG_WARN_QUOTED_INCLUDE_IN_FRAMEWORK_HEADER = YES;
				CLANG_WARN_RANGE_LOOP_ANALYSIS = YES;
				CLANG_WARN_STRICT_PROTOTYPES = YES;
				CLANG_WARN_SUSPICIOUS_MOVE = YES;
				CLANG_WARN_UNGUARDED_AVAILABILITY = YES_AGGRESSIVE;
				CLANG_WARN_UNREACHABLE_CODE = YES;
				CLANG_WARN__DUPLICATE_METHOD_MATCH = YES;
				COPY_PHASE_STRIP = NO;
				DEBUG_INFORMATION_FORMAT = dwarf;
				ENABLE_STRICT_OBJC_MSGSEND = YES;
				ENABLE_TESTABILITY = YES;
				GCC_C_LANGUAGE_STANDARD = gnu11;
				GCC_DYNAMIC_NO_PIC = NO;
				GCC_NO_COMMON_BLOCKS = YES;
				GCC_OPTIMIZATION_LEVEL = 0;
				GCC_PREPROCESSOR_DEFINITIONS = (
					"DEBUG=1",
					"$(inherited)",
				);
				GCC_WARN_64_TO_32_BIT_CONVERSION = YES;
				GCC_WARN_ABOUT_RETURN_TYPE = YES_ERROR;
				GCC_WARN_UNDECLARED_SELECTOR = YES;
				GCC_WARN_UNINITIALIZED_AUTOS = YES_AGGRESSIVE;
				GCC_WARN_UNUSED_FUNCTION = YES;
				GCC_WARN_UNUSED_VARIABLE = YES;
				MACOSX_DEPLOYMENT_TARGET = 12.1;
				MTL_ENABLE_DEBUG_INFO = INCLUDE_SOURCE;
				MTL_FAST_MATH = YES;
				ONLY_ACTIVE_ARCH = YES;
				SDKROOT = macosx;
			};
			name = Debug;
		};
		7AFAE4E327C563D000FB874D /* Release */ = {
			isa = XCBuildConfiguration;
			buildSettings = {
				ALWAYS_SEARCH_USER_PATHS = NO;
				CLANG_ANALYZER_NONNULL = YES;
				CLANG_ANALYZER_NUMBER_OBJECT_CONVERSION = YES_AGGRESSIVE;
				CLANG_CXX_LANGUAGE_STANDARD = "gnu++17";
				CLANG_CXX_LIBRARY = "libc++";
				CLANG_ENABLE_MODULES = YES;
				CLANG_ENABLE_OBJC_ARC = YES;
				CLANG_ENABLE_OBJC_WEAK = YES;
				CLANG_WARN_BLOCK_CAPTURE_AUTORELEASING = YES;
				CLANG_WARN_BOOL_CONVERSION = YES;
				CLANG_WARN_COMMA = YES;
				CLANG_WARN_CONSTANT_CONVERSION = YES;
				CLANG_WARN_DEPRECATED_OBJC_IMPLEMENTATIONS = YES;
				CLANG_WARN_DIRECT_OBJC_ISA_USAGE = YES_ERROR;
				CLANG_WARN_DOCUMENTATION_COMMENTS = YES;
				CLANG_WARN_EMPTY_BODY = YES;
				CLANG_WARN_ENUM_CONVERSION = YES;
				CLANG_WARN_INFINITE_RECURSION = YES;
				CLANG_WARN_INT_CONVERSION = YES;
				CLANG_WARN_NON_LITERAL_NULL_CONVERSION = YES;
				CLANG_WARN_OBJC_IMPLICIT_RETAIN_SELF = YES;
				CLANG_WARN_OBJC_LITERAL_CONVERSION = YES;
				CLANG_WARN_OBJC_ROOT_CLASS = YES_ERROR;
				CLANG_WARN_QUOTED_INCLUDE_IN_FRAMEWORK_HEADER = YES;
				CLANG_WARN_RANGE_LOOP_ANALYSIS = YES;
				CLANG_WARN_STRICT_PROTOTYPES = YES;
				CLANG_WARN_SUSPICIOUS_MOVE = YES;
				CLANG_WARN_UNGUARDED_AVAILABILITY = YES_AGGRESSIVE;
				CLANG_WARN_UNREACHABLE_CODE = YES;
				CLANG_WARN__DUPLICATE_METHOD_MATCH = YES;
				COPY_PHASE_STRIP = NO;
				DEBUG_INFORMATION_FORMAT = "dwarf-with-dsym";
				ENABLE_NS_ASSERTIONS = NO;
				ENABLE_STRICT_OBJC_MSGSEND = YES;
				GCC_C_LANGUAGE_STANDARD = gnu11;
				GCC_NO_COMMON_BLOCKS = YES;
				GCC_WARN_64_TO_32_BIT_CONVERSION = YES;
				GCC_WARN_ABOUT_RETURN_TYPE = YES_ERROR;
				GCC_WARN_UNDECLARED_SELECTOR = YES;
				GCC_WARN_UNINITIALIZED_AUTOS = YES_AGGRESSIVE;
				GCC_WARN_UNUSED_FUNCTION = YES;
				GCC_WARN_UNUSED_VARIABLE = YES;
				MACOSX_DEPLOYMENT_TARGET = 12.1;
				MTL_ENABLE_DEBUG_INFO = NO;
				MTL_FAST_MATH = YES;
				SDKROOT = macosx;
			};
			name = Release;
		};
		7AFAE4E527C563D000FB874D /* Debug */ = {
			isa = XCBuildConfiguration;
			buildSettings = {
				ASSETCATALOG_COMPILER_APPICON_NAME = AppIcon;
				ASSETCATALOG_COMPILER_GLOBAL_ACCENT_COLOR_NAME = AccentColor;
				CODE_SIGN_ENTITLEMENTS = iWorksConverter2.0/iWorksConverter2_0.entitlements;
				CODE_SIGN_STYLE = Automatic;
				COMBINE_HIDPI_IMAGES = YES;
				CURRENT_PROJECT_VERSION = 1;
				GENERATE_INFOPLIST_FILE = YES;
				INFOPLIST_KEY_NSHumanReadableCopyright = "";
				INFOPLIST_KEY_NSMainStoryboardFile = Main;
				INFOPLIST_KEY_NSPrincipalClass = NSApplication;
				LD_RUNPATH_SEARCH_PATHS = (
					"$(inherited)",
					"@executable_path/../Frameworks",
				);
				MARKETING_VERSION = 1.0;
				PRODUCT_BUNDLE_IDENTIFIER = "SebUnltd.iWorksConverter2-0";
				PRODUCT_NAME = "$(TARGET_NAME)";
				SWIFT_EMIT_LOC_STRINGS = YES;
			};
			name = Debug;
		};
		7AFAE4E627C563D000FB874D /* Release */ = {
			isa = XCBuildConfiguration;
			buildSettings = {
				ASSETCATALOG_COMPILER_APPICON_NAME = AppIcon;
				ASSETCATALOG_COMPILER_GLOBAL_ACCENT_COLOR_NAME = AccentColor;
				CODE_SIGN_ENTITLEMENTS = iWorksConverter2.0/iWorksConverter2_0.entitlements;
				CODE_SIGN_STYLE = Automatic;
				COMBINE_HIDPI_IMAGES = YES;
				CURRENT_PROJECT_VERSION = 1;
				GENERATE_INFOPLIST_FILE = YES;
				INFOPLIST_KEY_NSHumanReadableCopyright = "";
				INFOPLIST_KEY_NSMainStoryboardFile = Main;
				INFOPLIST_KEY_NSPrincipalClass = NSApplication;
				LD_RUNPATH_SEARCH_PATHS = (
					"$(inherited)",
					"@executable_path/../Frameworks",
				);
				MARKETING_VERSION = 1.0;
				PRODUCT_BUNDLE_IDENTIFIER = "SebUnltd.iWorksConverter2-0";
				PRODUCT_NAME = "$(TARGET_NAME)";
				SWIFT_EMIT_LOC_STRINGS = YES;
			};
			name = Release;
		};
		7AFAE4E827C563D000FB874D /* Debug */ = {
			isa = XCBuildConfiguration;
			buildSettings = {
				BUNDLE_LOADER = "$(TEST_HOST)";
				CODE_SIGN_STYLE = Automatic;
				CURRENT_PROJECT_VERSION = 1;
				GENERATE_INFOPLIST_FILE = YES;
				MACOSX_DEPLOYMENT_TARGET = 12.1;
				MARKETING_VERSION = 1.0;
				PRODUCT_BUNDLE_IDENTIFIER = "SebUnltd.iWorksConverter2-0Tests";
				PRODUCT_NAME = "$(TARGET_NAME)";
				SWIFT_EMIT_LOC_STRINGS = NO;
				TEST_HOST = "$(BUILT_PRODUCTS_DIR)/iWorksConverter2.0.app/Contents/MacOS/iWorksConverter2.0";
			};
			name = Debug;
		};
		7AFAE4E927C563D000FB874D /* Release */ = {
			isa = XCBuildConfiguration;
			buildSettings = {
				BUNDLE_LOADER = "$(TEST_HOST)";
				CODE_SIGN_STYLE = Automatic;
				CURRENT_PROJECT_VERSION = 1;
				GENERATE_INFOPLIST_FILE = YES;
				MACOSX_DEPLOYMENT_TARGET = 12.1;
				MARKETING_VERSION = 1.0;
				PRODUCT_BUNDLE_IDENTIFIER = "SebUnltd.iWorksConverter2-0Tests";
				PRODUCT_NAME = "$(TARGET_NAME)";
				SWIFT_EMIT_LOC_STRINGS = NO;
				TEST_HOST = "$(BUILT_PRODUCTS_DIR)/iWorksConverter2.0.app/Contents/MacOS/iWorksConverter2.0";
			};
			name = Release;
		};
		7AFAE4EB27C563D000FB874D /* Debug */ = {
			isa = XCBuildConfiguration;
			buildSettings = {
				CODE_SIGN_STYLE = Automatic;
				CURRENT_PROJECT_VERSION = 1;
				GENERATE_INFOPLIST_FILE = YES;
				MARKETING_VERSION = 1.0;
				PRODUCT_BUNDLE_IDENTIFIER = "SebUnltd.iWorksConverter2-0UITests";
				PRODUCT_NAME = "$(TARGET_NAME)";
				SWIFT_EMIT_LOC_STRINGS = NO;
				TEST_TARGET_NAME = iWorksConverter2.0;
			};
			name = Debug;
		};
		7AFAE4EC27C563D000FB874D /* Release */ = {
			isa = XCBuildConfiguration;
			buildSettings = {
				CODE_SIGN_STYLE = Automatic;
				CURRENT_PROJECT_VERSION = 1;
				GENERATE_INFOPLIST_FILE = YES;
				MARKETING_VERSION = 1.0;
				PRODUCT_BUNDLE_IDENTIFIER = "SebUnltd.iWorksConverter2-0UITests";
				PRODUCT_NAME = "$(TARGET_NAME)";
				SWIFT_EMIT_LOC_STRINGS = NO;
				TEST_TARGET_NAME = iWorksConverter2.0;
			};
			name = Release;
		};
/* End XCBuildConfiguration section */

/* Begin XCConfigurationList section */
		7AFAE4B627C563CD00FB874D /* Build configuration list for PBXProject "iWorksConverter2.0" */ = {
			isa = XCConfigurationList;
			buildConfigurations = (
				7AFAE4E227C563D000FB874D /* Debug */,
				7AFAE4E327C563D000FB874D /* Release */,
			);
			defaultConfigurationIsVisible = 0;
			defaultConfigurationName = Release;
		};
		7AFAE4E427C563D000FB874D /* Build configuration list for PBXNativeTarget "iWorksConverter2.0" */ = {
			isa = XCConfigurationList;
			buildConfigurations = (
				7AFAE4E527C563D000FB874D /* Debug */,
				7AFAE4E627C563D000FB874D /* Release */,
			);
			defaultConfigurationIsVisible = 0;
			defaultConfigurationName = Release;
		};
		7AFAE4E727C563D000FB874D /* Build configuration list for PBXNativeTarget "iWorksConverter2.0Tests" */ = {
			isa = XCConfigurationList;
			buildConfigurations = (
				7AFAE4E827C563D000FB874D /* Debug */,
				7AFAE4E927C563D000FB874D /* Release */,
			);
			defaultConfigurationIsVisible = 0;
			defaultConfigurationName = Release;
		};
		7AFAE4EA27C563D000FB874D /* Build configuration list for PBXNativeTarget "iWorksConverter2.0UITests" */ = {
			isa = XCConfigurationList;
			buildConfigurations = (
				7AFAE4EB27C563D000FB874D /* Debug */,
				7AFAE4EC27C563D000FB874D /* Release */,
			);
			defaultConfigurationIsVisible = 0;
			defaultConfigurationName = Release;
		};
/* End XCConfigurationList section */
	};
	rootObject = 7AFAE4B327C563CD00FB874D /* Project object */;
}
